// !$*UTF8*$!
{
	archiveVersion = 1;
	classes = {
	};
	objectVersion = 46;
	objects = {

/* Begin PBXBuildFile section */
		DB24734E17A8663000287D60 /* UIKit.framework in Frameworks */ = {isa = PBXBuildFile; fileRef = DB24734D17A8663000287D60 /* UIKit.framework */; };
		DB24735017A8663000287D60 /* Foundation.framework in Frameworks */ = {isa = PBXBuildFile; fileRef = DB24734F17A8663000287D60 /* Foundation.framework */; };
		DB24738617A8668000287D60 /* MixerHostAppDelegate.m in Sources */ = {isa = PBXBuildFile; fileRef = DB24736C17A8668000287D60 /* MixerHostAppDelegate.m */; };
		DB24738717A8668000287D60 /* MixerHostAudio.m in Sources */ = {isa = PBXBuildFile; fileRef = DB24736E17A8668000287D60 /* MixerHostAudio.m */; };
		DB24738817A8668000287D60 /* MixerHostViewController.m in Sources */ = {isa = PBXBuildFile; fileRef = DB24737017A8668000287D60 /* MixerHostViewController.m */; };
		DB24738A17A8668000287D60 /* Default-568h@2x.png in Resources */ = {isa = PBXBuildFile; fileRef = DB24737217A8668000287D60 /* Default-568h@2x.png */; };
		DB24738B17A8668000287D60 /* main.m in Sources */ = {isa = PBXBuildFile; fileRef = DB24737317A8668000287D60 /* main.m */; };
		DB24738C17A8668000287D60 /* MixerHost-Info.plist in Resources */ = {isa = PBXBuildFile; fileRef = DB24737517A8668000287D60 /* MixerHost-Info.plist */; };
		DB24738D17A8668000287D60 /* MixerHostViewController.xib in Resources */ = {isa = PBXBuildFile; fileRef = DB24737717A8668000287D60 /* MixerHostViewController.xib */; };
		DB24738E17A8668000287D60 /* Default.png in Resources */ = {isa = PBXBuildFile; fileRef = DB24737A17A8668000287D60 /* Default.png */; };
		DB24738F17A8668000287D60 /* Icon-72.png in Resources */ = {isa = PBXBuildFile; fileRef = DB24737B17A8668000287D60 /* Icon-72.png */; };
		DB24739017A8668000287D60 /* Icon-Small-50.png in Resources */ = {isa = PBXBuildFile; fileRef = DB24737C17A8668000287D60 /* Icon-Small-50.png */; };
		DB24739117A8668000287D60 /* Icon-Small.png in Resources */ = {isa = PBXBuildFile; fileRef = DB24737D17A8668000287D60 /* Icon-Small.png */; };
		DB24739217A8668000287D60 /* Icon-Small@2x.png in Resources */ = {isa = PBXBuildFile; fileRef = DB24737E17A8668000287D60 /* Icon-Small@2x.png */; };
		DB24739317A8668000287D60 /* Icon.png in Resources */ = {isa = PBXBuildFile; fileRef = DB24737F17A8668000287D60 /* Icon.png */; };
		DB24739417A8668000287D60 /* Icon@2x.png in Resources */ = {isa = PBXBuildFile; fileRef = DB24738017A8668000287D60 /* Icon@2x.png */; };
		DB24739517A8668000287D60 /* iTunesArtwork in Resources */ = {isa = PBXBuildFile; fileRef = DB24738117A8668000287D60 /* iTunesArtwork */; };
		DB24739617A8668000287D60 /* rounded_rectangle.png in Resources */ = {isa = PBXBuildFile; fileRef = DB24738217A8668000287D60 /* rounded_rectangle.png */; };
		DB24739717A8668000287D60 /* beatsMono.caf in Resources */ = {isa = PBXBuildFile; fileRef = DB24738417A8668000287D60 /* beatsMono.caf */; };
		DB24739817A8668000287D60 /* guitarStereo.caf in Resources */ = {isa = PBXBuildFile; fileRef = DB24738517A8668000287D60 /* guitarStereo.caf */; };
		DB24739B17A8676100287D60 /* AudioToolbox.framework in Frameworks */ = {isa = PBXBuildFile; fileRef = DB24739A17A8676100287D60 /* AudioToolbox.framework */; };
		DB24739D17A8677500287D60 /* AVFoundation.framework in Frameworks */ = {isa = PBXBuildFile; fileRef = DB24739C17A8677500287D60 /* AVFoundation.framework */; };
/* End PBXBuildFile section */

/* Begin PBXFileReference section */
		DB24734A17A8663000287D60 /* MixerHost.app */ = {isa = PBXFileReference; explicitFileType = wrapper.application; includeInIndex = 0; path = MixerHost.app; sourceTree = BUILT_PRODUCTS_DIR; };
		DB24734D17A8663000287D60 /* UIKit.framework */ = {isa = PBXFileReference; lastKnownFileType = wrapper.framework; name = UIKit.framework; path = System/Library/Frameworks/UIKit.framework; sourceTree = SDKROOT; };
		DB24734F17A8663000287D60 /* Foundation.framework */ = {isa = PBXFileReference; lastKnownFileType = wrapper.framework; name = Foundation.framework; path = System/Library/Frameworks/Foundation.framework; sourceTree = SDKROOT; };
		DB24736B17A8668000287D60 /* MixerHostAppDelegate.h */ = {isa = PBXFileReference; fileEncoding = 4; lastKnownFileType = sourcecode.c.h; path = MixerHostAppDelegate.h; sourceTree = "<group>"; };
		DB24736C17A8668000287D60 /* MixerHostAppDelegate.m */ = {isa = PBXFileReference; fileEncoding = 4; lastKnownFileType = sourcecode.c.objc; path = MixerHostAppDelegate.m; sourceTree = "<group>"; };
		DB24736D17A8668000287D60 /* MixerHostAudio.h */ = {isa = PBXFileReference; fileEncoding = 4; lastKnownFileType = sourcecode.c.h; path = MixerHostAudio.h; sourceTree = "<group>"; };
		DB24736E17A8668000287D60 /* MixerHostAudio.m */ = {isa = PBXFileReference; fileEncoding = 4; lastKnownFileType = sourcecode.c.objc; path = MixerHostAudio.m; sourceTree = "<group>"; };
		DB24736F17A8668000287D60 /* MixerHostViewController.h */ = {isa = PBXFileReference; fileEncoding = 4; lastKnownFileType = sourcecode.c.h; path = MixerHostViewController.h; sourceTree = "<group>"; };
		DB24737017A8668000287D60 /* MixerHostViewController.m */ = {isa = PBXFileReference; fileEncoding = 4; lastKnownFileType = sourcecode.c.objc; path = MixerHostViewController.m; sourceTree = "<group>"; };
		DB24737217A8668000287D60 /* Default-568h@2x.png */ = {isa = PBXFileReference; lastKnownFileType = image.png; name = "Default-568h@2x.png"; path = "../../Default-568h@2x.png"; sourceTree = "<group>"; };
		DB24737317A8668000287D60 /* main.m */ = {isa = PBXFileReference; fileEncoding = 4; lastKnownFileType = sourcecode.c.objc; path = main.m; sourceTree = "<group>"; };
		DB24737417A8668000287D60 /* MixerHost_Prefix.pch */ = {isa = PBXFileReference; fileEncoding = 4; lastKnownFileType = sourcecode.c.h; path = MixerHost_Prefix.pch; sourceTree = "<group>"; };
		DB24737517A8668000287D60 /* MixerHost-Info.plist */ = {isa = PBXFileReference; fileEncoding = 4; lastKnownFileType = text.plist.xml; name = "MixerHost-Info.plist"; path = "../MixerHost-Info.plist"; sourceTree = "<group>"; };
		DB24737817A8668000287D60 /* en */ = {isa = PBXFileReference; lastKnownFileType = file.xib; name = en; path = en.lproj/MixerHostViewController.xib; sourceTree = "<group>"; };
		DB24737A17A8668000287D60 /* Default.png */ = {isa = PBXFileReference; lastKnownFileType = image.png; path = Default.png; sourceTree = "<group>"; };
		DB24737B17A8668000287D60 /* Icon-72.png */ = {isa = PBXFileReference; lastKnownFileType = image.png; path = "Icon-72.png"; sourceTree = "<group>"; };
		DB24737C17A8668000287D60 /* Icon-Small-50.png */ = {isa = PBXFileReference; lastKnownFileType = image.png; path = "Icon-Small-50.png"; sourceTree = "<group>"; };
		DB24737D17A8668000287D60 /* Icon-Small.png */ = {isa = PBXFileReference; lastKnownFileType = image.png; path = "Icon-Small.png"; sourceTree = "<group>"; };
		DB24737E17A8668000287D60 /* Icon-Small@2x.png */ = {isa = PBXFileReference; lastKnownFileType = image.png; path = "Icon-Small@2x.png"; sourceTree = "<group>"; };
		DB24737F17A8668000287D60 /* Icon.png */ = {isa = PBXFileReference; lastKnownFileType = image.png; path = Icon.png; sourceTree = "<group>"; };
		DB24738017A8668000287D60 /* Icon@2x.png */ = {isa = PBXFileReference; lastKnownFileType = image.png; path = "Icon@2x.png"; sourceTree = "<group>"; };
		DB24738117A8668000287D60 /* iTunesArtwork */ = {isa = PBXFileReference; lastKnownFileType = file; path = iTunesArtwork; sourceTree = "<group>"; };
		DB24738217A8668000287D60 /* rounded_rectangle.png */ = {isa = PBXFileReference; lastKnownFileType = image.png; path = rounded_rectangle.png; sourceTree = "<group>"; };
		DB24738417A8668000287D60 /* beatsMono.caf */ = {isa = PBXFileReference; lastKnownFileType = file; path = beatsMono.caf; sourceTree = "<group>"; };
		DB24738517A8668000287D60 /* guitarStereo.caf */ = {isa = PBXFileReference; lastKnownFileType = file; path = guitarStereo.caf; sourceTree = "<group>"; };
		DB24739A17A8676100287D60 /* AudioToolbox.framework */ = {isa = PBXFileReference; lastKnownFileType = wrapper.framework; name = AudioToolbox.framework; path = System/Library/Frameworks/AudioToolbox.framework; sourceTree = SDKROOT; };
		DB24739C17A8677500287D60 /* AVFoundation.framework */ = {isa = PBXFileReference; lastKnownFileType = wrapper.framework; name = AVFoundation.framework; path = System/Library/Frameworks/AVFoundation.framework; sourceTree = SDKROOT; };
/* End PBXFileReference section */

/* Begin PBXFrameworksBuildPhase section */
		DB24734717A8663000287D60 /* Frameworks */ = {
			isa = PBXFrameworksBuildPhase;
			buildActionMask = 2147483647;
			files = (
				DB24739D17A8677500287D60 /* AVFoundation.framework in Frameworks */,
				DB24739B17A8676100287D60 /* AudioToolbox.framework in Frameworks */,
				DB24734E17A8663000287D60 /* UIKit.framework in Frameworks */,
				DB24735017A8663000287D60 /* Foundation.framework in Frameworks */,
			);
			runOnlyForDeploymentPostprocessing = 0;
		};
/* End PBXFrameworksBuildPhase section */

/* Begin PBXGroup section */
		DB24734117A8663000287D60 = {
			isa = PBXGroup;
			children = (
				DB24736A17A8668000287D60 /* Classes */,
				DB24739917A866A100287D60 /* Other Sources */,
				DB24737617A8668000287D60 /* Resources */,
				DB24734C17A8663000287D60 /* Frameworks */,
				DB24734B17A8663000287D60 /* Products */,
			);
			sourceTree = "<group>";
		};
		DB24734B17A8663000287D60 /* Products */ = {
			isa = PBXGroup;
			children = (
				DB24734A17A8663000287D60 /* MixerHost.app */,
			);
			name = Products;
			sourceTree = "<group>";
		};
		DB24734C17A8663000287D60 /* Frameworks */ = {
			isa = PBXGroup;
			children = (
				DB24739C17A8677500287D60 /* AVFoundation.framework */,
				DB24739A17A8676100287D60 /* AudioToolbox.framework */,
				DB24734D17A8663000287D60 /* UIKit.framework */,
				DB24734F17A8663000287D60 /* Foundation.framework */,
			);
			name = Frameworks;
			sourceTree = "<group>";
		};
		DB24736A17A8668000287D60 /* Classes */ = {
			isa = PBXGroup;
			children = (
				DB24736B17A8668000287D60 /* MixerHostAppDelegate.h */,
				DB24736C17A8668000287D60 /* MixerHostAppDelegate.m */,
				DB24736D17A8668000287D60 /* MixerHostAudio.h */,
				DB24736E17A8668000287D60 /* MixerHostAudio.m */,
				DB24736F17A8668000287D60 /* MixerHostViewController.h */,
				DB24737017A8668000287D60 /* MixerHostViewController.m */,
				DB24737717A8668000287D60 /* MixerHostViewController.xib */,
			);
			path = Classes;
			sourceTree = "<group>";
		};
		DB24737617A8668000287D60 /* Resources */ = {
			isa = PBXGroup;
			children = (
				DB24737517A8668000287D60 /* MixerHost-Info.plist */,
				DB24737917A8668000287D60 /* images */,
				DB24738317A8668000287D60 /* sounds */,
			);
			path = Resources;
			sourceTree = "<group>";
		};
		DB24737917A8668000287D60 /* images */ = {
			isa = PBXGroup;
			children = (
				DB24737217A8668000287D60 /* Default-568h@2x.png */,
				DB24737A17A8668000287D60 /* Default.png */,
				DB24737B17A8668000287D60 /* Icon-72.png */,
				DB24737C17A8668000287D60 /* Icon-Small-50.png */,
				DB24737D17A8668000287D60 /* Icon-Small.png */,
				DB24737E17A8668000287D60 /* Icon-Small@2x.png */,
				DB24737F17A8668000287D60 /* Icon.png */,
				DB24738017A8668000287D60 /* Icon@2x.png */,
				DB24738117A8668000287D60 /* iTunesArtwork */,
				DB24738217A8668000287D60 /* rounded_rectangle.png */,
			);
			path = images;
			sourceTree = "<group>";
		};
		DB24738317A8668000287D60 /* sounds */ = {
			isa = PBXGroup;
			children = (
				DB24738417A8668000287D60 /* beatsMono.caf */,
				DB24738517A8668000287D60 /* guitarStereo.caf */,
			);
			path = sounds;
			sourceTree = "<group>";
		};
		DB24739917A866A100287D60 /* Other Sources */ = {
			isa = PBXGroup;
			children = (
				DB24737417A8668000287D60 /* MixerHost_Prefix.pch */,
				DB24737317A8668000287D60 /* main.m */,
			);
			name = "Other Sources";
			sourceTree = "<group>";
		};
/* End PBXGroup section */

/* Begin PBXNativeTarget section */
		DB24734917A8663000287D60 /* MixerHost */ = {
			isa = PBXNativeTarget;
			buildConfigurationList = DB24736717A8663100287D60 /* Build configuration list for PBXNativeTarget "MixerHost" */;
			buildPhases = (
				DB24734617A8663000287D60 /* Sources */,
				DB24734717A8663000287D60 /* Frameworks */,
				DB24734817A8663000287D60 /* Resources */,
			);
			buildRules = (
			);
			dependencies = (
			);
			name = MixerHost;
			productName = MixerHost;
			productReference = DB24734A17A8663000287D60 /* MixerHost.app */;
			productType = "com.apple.product-type.application";
		};
/* End PBXNativeTarget section */

/* Begin PBXProject section */
		DB24734217A8663000287D60 /* Project object */ = {
			isa = PBXProject;
			attributes = {
				LastUpgradeCheck = 0460;
				ORGANIZATIONNAME = Apple;
			};
			buildConfigurationList = DB24734517A8663000287D60 /* Build configuration list for PBXProject "MixerHost" */;
			compatibilityVersion = "Xcode 3.2";
			developmentRegion = English;
			hasScannedForEncodings = 0;
			knownRegions = (
				en,
			);
			mainGroup = DB24734117A8663000287D60;
			productRefGroup = DB24734B17A8663000287D60 /* Products */;
			projectDirPath = "";
			projectRoot = "";
			targets = (
				DB24734917A8663000287D60 /* MixerHost */,
			);
		};
/* End PBXProject section */

/* Begin PBXResourcesBuildPhase section */
		DB24734817A8663000287D60 /* Resources */ = {
			isa = PBXResourcesBuildPhase;
			buildActionMask = 2147483647;
			files = (
				DB24738A17A8668000287D60 /* Default-568h@2x.png in Resources */,
				DB24738C17A8668000287D60 /* MixerHost-Info.plist in Resources */,
				DB24738D17A8668000287D60 /* MixerHostViewController.xib in Resources */,
				DB24738E17A8668000287D60 /* Default.png in Resources */,
				DB24738F17A8668000287D60 /* Icon-72.png in Resources */,
				DB24739017A8668000287D60 /* Icon-Small-50.png in Resources */,
				DB24739117A8668000287D60 /* Icon-Small.png in Resources */,
				DB24739217A8668000287D60 /* Icon-Small@2x.png in Resources */,
				DB24739317A8668000287D60 /* Icon.png in Resources */,
				DB24739417A8668000287D60 /* Icon@2x.png in Resources */,
				DB24739517A8668000287D60 /* iTunesArtwork in Resources */,
				DB24739617A8668000287D60 /* rounded_rectangle.png in Resources */,
				DB24739717A8668000287D60 /* beatsMono.caf in Resources */,
				DB24739817A8668000287D60 /* guitarStereo.caf in Resources */,
			);
			runOnlyForDeploymentPostprocessing = 0;
		};
/* End PBXResourcesBuildPhase section */

/* Begin PBXSourcesBuildPhase section */
		DB24734617A8663000287D60 /* Sources */ = {
			isa = PBXSourcesBuildPhase;
			buildActionMask = 2147483647;
			files = (
				DB24738617A8668000287D60 /* MixerHostAppDelegate.m in Sources */,
				DB24738717A8668000287D60 /* MixerHostAudio.m in Sources */,
				DB24738817A8668000287D60 /* MixerHostViewController.m in Sources */,
				DB24738B17A8668000287D60 /* main.m in Sources */,
			);
			runOnlyForDeploymentPostprocessing = 0;
		};
/* End PBXSourcesBuildPhase section */

/* Begin PBXVariantGroup section */
		DB24737717A8668000287D60 /* MixerHostViewController.xib */ = {
			isa = PBXVariantGroup;
			children = (
				DB24737817A8668000287D60 /* en */,
			);
			name = MixerHostViewController.xib;
			path = ../Resources;
			sourceTree = "<group>";
		};
/* End PBXVariantGroup section */

/* Begin XCBuildConfiguration section */
		DB24736517A8663100287D60 /* Debug */ = {
			isa = XCBuildConfiguration;
			buildSettings = {
				ALWAYS_SEARCH_USER_PATHS = NO;
				CLANG_CXX_LANGUAGE_STANDARD = "gnu++0x";
				CLANG_CXX_LIBRARY = "libc++";
				CLANG_WARN_CONSTANT_CONVERSION = YES;
				CLANG_WARN_EMPTY_BODY = YES;
				CLANG_WARN_ENUM_CONVERSION = YES;
				CLANG_WARN_INT_CONVERSION = YES;
				CLANG_WARN__DUPLICATE_METHOD_MATCH = YES;
				"CODE_SIGN_IDENTITY[sdk=iphoneos*]" = "iPhone Developer";
				COPY_PHASE_STRIP = NO;
				GCC_C_LANGUAGE_STANDARD = gnu99;
				GCC_DYNAMIC_NO_PIC = NO;
				GCC_OPTIMIZATION_LEVEL = 0;
				GCC_PREPROCESSOR_DEFINITIONS = (
					"DEBUG=1",
					"$(inherited)",
				);
				GCC_SYMBOLS_PRIVATE_EXTERN = NO;
				GCC_WARN_ABOUT_RETURN_TYPE = YES;
				GCC_WARN_UNINITIALIZED_AUTOS = YES;
				GCC_WARN_UNUSED_VARIABLE = YES;
				IPHONEOS_DEPLOYMENT_TARGET = 4.3;
				ONLY_ACTIVE_ARCH = YES;
				SDKROOT = iphoneos;
			};
			name = Debug;
		};
		DB24736617A8663100287D60 /* Release */ = {
			isa = XCBuildConfiguration;
			buildSettings = {
				ALWAYS_SEARCH_USER_PATHS = NO;
				CLANG_CXX_LANGUAGE_STANDARD = "gnu++0x";
				CLANG_CXX_LIBRARY = "libc++";
				CLANG_WARN_CONSTANT_CONVERSION = YES;
				CLANG_WARN_EMPTY_BODY = YES;
				CLANG_WARN_ENUM_CONVERSION = YES;
				CLANG_WARN_INT_CONVERSION = YES;
				CLANG_WARN__DUPLICATE_METHOD_MATCH = YES;
				"CODE_SIGN_IDENTITY[sdk=iphoneos*]" = "iPhone Developer";
				COPY_PHASE_STRIP = YES;
				GCC_C_LANGUAGE_STANDARD = gnu99;
				GCC_WARN_ABOUT_RETURN_TYPE = YES;
				GCC_WARN_UNINITIALIZED_AUTOS = YES;
				GCC_WARN_UNUSED_VARIABLE = YES;
				IPHONEOS_DEPLOYMENT_TARGET = 4.3;
				OTHER_CFLAGS = "-DNS_BLOCK_ASSERTIONS=1";
				SDKROOT = iphoneos;
				VALIDATE_PRODUCT = YES;
			};
			name = Release;
		};
		DB24736817A8663100287D60 /* Debug */ = {
			isa = XCBuildConfiguration;
			buildSettings = {
				GCC_PRECOMPILE_PREFIX_HEADER = YES;
				GCC_PREFIX_HEADER = "MixerHost/MixerHost-Prefix.pch";
				INFOPLIST_FILE = "MixerHost/MixerHost-Info.plist";
				IPHONEOS_DEPLOYMENT_TARGET = 4.3;
				PRODUCT_NAME = "$(TARGET_NAME)";
				WRAPPER_EXTENSION = app;
			};
			name = Debug;
		};
		DB24736917A8663100287D60 /* Release */ = {
			isa = XCBuildConfiguration;
			buildSettings = {
				GCC_PRECOMPILE_PREFIX_HEADER = YES;
				GCC_PREFIX_HEADER = "MixerHost/MixerHost-Prefix.pch";
				INFOPLIST_FILE = "MixerHost/MixerHost-Info.plist";
				IPHONEOS_DEPLOYMENT_TARGET = 4.3;
				PRODUCT_NAME = "$(TARGET_NAME)";
				WRAPPER_EXTENSION = app;
			};
			name = Release;
		};
/* End XCBuildConfiguration section */

/* Begin XCConfigurationList section */
		DB24734517A8663000287D60 /* Build configuration list for PBXProject "MixerHost" */ = {
			isa = XCConfigurationList;
			buildConfigurations = (
				DB24736517A8663100287D60 /* Debug */,
				DB24736617A8663100287D60 /* Release */,
			);
			defaultConfigurationIsVisible = 0;
			defaultConfigurationName = Release;
		};
		DB24736717A8663100287D60 /* Build configuration list for PBXNativeTarget "MixerHost" */ = {
			isa = XCConfigurationList;
			buildConfigurations = (
				DB24736817A8663100287D60 /* Debug */,
				DB24736917A8663100287D60 /* Release */,
			);
			defaultConfigurationIsVisible = 0;
		};
/* End XCConfigurationList section */
	};
	rootObject = DB24734217A8663000287D60 /* Project object */;
}
